{
  "name": "monorepo-test-releaseplease",
  "version": "1.0.0",
  "lockfileVersion": 2,
  "requires": true,
  "packages": {
    "": {
      "name": "monorepo-test-releaseplease",
      "version": "1.0.0",
      "workspaces": [
        "packages/*"
      ]
    },
    "node_modules/@wejendorp/my-test-1": {
      "resolved": "packages/my-test-1",
      "link": true
    },
    "node_modules/@wejendorp/my-test-2": {
      "resolved": "packages/my-test-2",
      "link": true
    },
    "packages/my-test-1": {
      "name": "@wejendorp/my-test-1",
      "version": "1.0.0"
    },
    "packages/my-test-2": {
      "version": "1.0.0"
    }
  },
  "dependencies": {
    "@wejendorp/my-test-1": {
      "version": "file:packages/my-test-1"
    },
    "@wejendorp/my-test-2": {
      "version": "file:packages/my-test-2"
    }
  }
}
